// !$*UTF8*$!
{
	archiveVersion = 1;
	classes = {
	};
	objectVersion = 46;
	objects = {

/* Begin PBXBuildFile section */
		175D435F1BD40E0F0002F971 /* AppDelegate.swift in Sources */ = {isa = PBXBuildFile; fileRef = 175D435E1BD40E0F0002F971 /* AppDelegate.swift */; };
		175D43611BD40E0F0002F971 /* ContainerViewController.swift in Sources */ = {isa = PBXBuildFile; fileRef = 175D43601BD40E0F0002F971 /* ContainerViewController.swift */; };
		175D43631BD40E0F0002F971 /* Assets.xcassets in Resources */ = {isa = PBXBuildFile; fileRef = 175D43621BD40E0F0002F971 /* Assets.xcassets */; };
		175D43661BD40E0F0002F971 /* Main.storyboard in Resources */ = {isa = PBXBuildFile; fileRef = 175D43641BD40E0F0002F971 /* Main.storyboard */; };
		179094C51C1E170100C1A09E /* SplitViewController.swift in Sources */ = {isa = PBXBuildFile; fileRef = 179094C41C1E170100C1A09E /* SplitViewController.swift */; };
		179094C71C1E173400C1A09E /* SourceListViewController.swift in Sources */ = {isa = PBXBuildFile; fileRef = 179094C61C1E173400C1A09E /* SourceListViewController.swift */; };
		179094CB1C1E196300C1A09E /* SourceListItem.swift in Sources */ = {isa = PBXBuildFile; fileRef = 179094CA1C1E196300C1A09E /* SourceListItem.swift */; };
		179094CE1C1E2A6500C1A09E /* NewBankAccountViewController.swift in Sources */ = {isa = PBXBuildFile; fileRef = 179094CD1C1E2A6500C1A09E /* NewBankAccountViewController.swift */; };
		179094D01C1E2ED700C1A09E /* Automator.framework in Frameworks */ = {isa = PBXBuildFile; fileRef = 179094CF1C1E2ED700C1A09E /* Automator.framework */; };
		179094D51C1E39E600C1A09E /* BudgetViewController.swift in Sources */ = {isa = PBXBuildFile; fileRef = 179094D41C1E39E600C1A09E /* BudgetViewController.swift */; };
		179094D71C1E40C400C1A09E /* BudgetCategory.swift in Sources */ = {isa = PBXBuildFile; fileRef = 179094D61C1E40C400C1A09E /* BudgetCategory.swift */; };
		179094D91C1E46FC00C1A09E /* BudgetTableCellViews.swift in Sources */ = {isa = PBXBuildFile; fileRef = 179094D81C1E46FC00C1A09E /* BudgetTableCellViews.swift */; };
		179094DB1C1E61CF00C1A09E /* ActualBudgetView.xib in Resources */ = {isa = PBXBuildFile; fileRef = 179094DA1C1E61CF00C1A09E /* ActualBudgetView.xib */; };
/* End PBXBuildFile section */

/* Begin PBXFileReference section */
		175D435B1BD40E0F0002F971 /* Wallet.app */ = {isa = PBXFileReference; explicitFileType = wrapper.application; includeInIndex = 0; path = Wallet.app; sourceTree = BUILT_PRODUCTS_DIR; };
		175D435E1BD40E0F0002F971 /* AppDelegate.swift */ = {isa = PBXFileReference; lastKnownFileType = sourcecode.swift; path = AppDelegate.swift; sourceTree = "<group>"; };
		175D43601BD40E0F0002F971 /* ContainerViewController.swift */ = {isa = PBXFileReference; lastKnownFileType = sourcecode.swift; path = ContainerViewController.swift; sourceTree = "<group>"; };
		175D43621BD40E0F0002F971 /* Assets.xcassets */ = {isa = PBXFileReference; lastKnownFileType = folder.assetcatalog; path = Assets.xcassets; sourceTree = "<group>"; };
		175D43651BD40E0F0002F971 /* Base */ = {isa = PBXFileReference; lastKnownFileType = file.storyboard; name = Base; path = Base.lproj/Main.storyboard; sourceTree = "<group>"; };
		175D43671BD40E0F0002F971 /* Info.plist */ = {isa = PBXFileReference; lastKnownFileType = text.plist.xml; path = Info.plist; sourceTree = "<group>"; };
		179094C41C1E170100C1A09E /* SplitViewController.swift */ = {isa = PBXFileReference; fileEncoding = 4; lastKnownFileType = sourcecode.swift; path = SplitViewController.swift; sourceTree = "<group>"; };
		179094C61C1E173400C1A09E /* SourceListViewController.swift */ = {isa = PBXFileReference; fileEncoding = 4; lastKnownFileType = sourcecode.swift; path = SourceListViewController.swift; sourceTree = "<group>"; };
		179094CA1C1E196300C1A09E /* SourceListItem.swift */ = {isa = PBXFileReference; fileEncoding = 4; lastKnownFileType = sourcecode.swift; path = SourceListItem.swift; sourceTree = "<group>"; };
		179094CD1C1E2A6500C1A09E /* NewBankAccountViewController.swift */ = {isa = PBXFileReference; fileEncoding = 4; lastKnownFileType = sourcecode.swift; path = NewBankAccountViewController.swift; sourceTree = "<group>"; };
		179094CF1C1E2ED700C1A09E /* Automator.framework */ = {isa = PBXFileReference; lastKnownFileType = wrapper.framework; name = Automator.framework; path = System/Library/Frameworks/Automator.framework; sourceTree = SDKROOT; };
		179094D41C1E39E600C1A09E /* BudgetViewController.swift */ = {isa = PBXFileReference; fileEncoding = 4; lastKnownFileType = sourcecode.swift; path = BudgetViewController.swift; sourceTree = "<group>"; };
		179094D61C1E40C400C1A09E /* BudgetCategory.swift */ = {isa = PBXFileReference; fileEncoding = 4; lastKnownFileType = sourcecode.swift; path = BudgetCategory.swift; sourceTree = "<group>"; };
		179094D81C1E46FC00C1A09E /* BudgetTableCellViews.swift */ = {isa = PBXFileReference; fileEncoding = 4; lastKnownFileType = sourcecode.swift; path = BudgetTableCellViews.swift; sourceTree = "<group>"; };
		179094DA1C1E61CF00C1A09E /* ActualBudgetView.xib */ = {isa = PBXFileReference; fileEncoding = 4; lastKnownFileType = file.xib; path = ActualBudgetView.xib; sourceTree = "<group>"; };
/* End PBXFileReference section */

/* Begin PBXFrameworksBuildPhase section */
		175D43581BD40E0F0002F971 /* Frameworks */ = {
			isa = PBXFrameworksBuildPhase;
			buildActionMask = 2147483647;
			files = (
				179094D01C1E2ED700C1A09E /* Automator.framework in Frameworks */,
			);
			runOnlyForDeploymentPostprocessing = 0;
		};
/* End PBXFrameworksBuildPhase section */

/* Begin PBXGroup section */
		175D43521BD40E0F0002F971 = {
			isa = PBXGroup;
			children = (
				179094CF1C1E2ED700C1A09E /* Automator.framework */,
				175D435D1BD40E0F0002F971 /* Wallet */,
				175D435C1BD40E0F0002F971 /* Products */,
			);
			sourceTree = "<group>";
		};
		175D435C1BD40E0F0002F971 /* Products */ = {
			isa = PBXGroup;
			children = (
				175D435B1BD40E0F0002F971 /* Wallet.app */,
			);
			name = Products;
			sourceTree = "<group>";
		};
		175D435D1BD40E0F0002F971 /* Wallet */ = {
			isa = PBXGroup;
			children = (
				175D435E1BD40E0F0002F971 /* AppDelegate.swift */,
				175D43601BD40E0F0002F971 /* ContainerViewController.swift */,
				179094C41C1E170100C1A09E /* SplitViewController.swift */,
				179094CD1C1E2A6500C1A09E /* NewBankAccountViewController.swift */,
				179094D31C1E39D200C1A09E /* Budget */,
				179094CC1C1E29FA00C1A09E /* Sidebar */,
				175D43621BD40E0F0002F971 /* Assets.xcassets */,
				175D43641BD40E0F0002F971 /* Main.storyboard */,
				175D43671BD40E0F0002F971 /* Info.plist */,
			);
			path = Wallet;
			sourceTree = "<group>";
		};
		179094CC1C1E29FA00C1A09E /* Sidebar */ = {
			isa = PBXGroup;
			children = (
				179094C61C1E173400C1A09E /* SourceListViewController.swift */,
				179094CA1C1E196300C1A09E /* SourceListItem.swift */,
			);
			name = Sidebar;
			sourceTree = "<group>";
		};
		179094D31C1E39D200C1A09E /* Budget */ = {
			isa = PBXGroup;
			children = (
				179094D41C1E39E600C1A09E /* BudgetViewController.swift */,
				179094D61C1E40C400C1A09E /* BudgetCategory.swift */,
				179094D81C1E46FC00C1A09E /* BudgetTableCellViews.swift */,
				179094DA1C1E61CF00C1A09E /* ActualBudgetView.xib */,
			);
			name = Budget;
			sourceTree = "<group>";
		};
/* End PBXGroup section */

/* Begin PBXNativeTarget section */
		175D435A1BD40E0F0002F971 /* Wallet */ = {
			isa = PBXNativeTarget;
			buildConfigurationList = 175D436A1BD40E0F0002F971 /* Build configuration list for PBXNativeTarget "Wallet" */;
			buildPhases = (
				175D43571BD40E0F0002F971 /* Sources */,
				175D43581BD40E0F0002F971 /* Frameworks */,
				175D43591BD40E0F0002F971 /* Resources */,
			);
			buildRules = (
			);
			dependencies = (
			);
			name = Wallet;
			productName = Wallet;
			productReference = 175D435B1BD40E0F0002F971 /* Wallet.app */;
			productType = "com.apple.product-type.application";
		};
/* End PBXNativeTarget section */

/* Begin PBXProject section */
		175D43531BD40E0F0002F971 /* Project object */ = {
			isa = PBXProject;
			attributes = {
				LastUpgradeCheck = 0700;
				ORGANIZATIONNAME = "Duff Neubauer";
				TargetAttributes = {
					175D435A1BD40E0F0002F971 = {
						CreatedOnToolsVersion = 7.0.1;
					};
				};
			};
			buildConfigurationList = 175D43561BD40E0F0002F971 /* Build configuration list for PBXProject "Wallet" */;
			compatibilityVersion = "Xcode 3.2";
			developmentRegion = English;
			hasScannedForEncodings = 0;
			knownRegions = (
				en,
				Base,
			);
			mainGroup = 175D43521BD40E0F0002F971;
			productRefGroup = 175D435C1BD40E0F0002F971 /* Products */;
			projectDirPath = "";
			projectRoot = "";
			targets = (
				175D435A1BD40E0F0002F971 /* Wallet */,
			);
		};
/* End PBXProject section */

/* Begin PBXResourcesBuildPhase section */
		175D43591BD40E0F0002F971 /* Resources */ = {
			isa = PBXResourcesBuildPhase;
			buildActionMask = 2147483647;
			files = (
				179094DB1C1E61CF00C1A09E /* ActualBudgetView.xib in Resources */,
				175D43631BD40E0F0002F971 /* Assets.xcassets in Resources */,
				175D43661BD40E0F0002F971 /* Main.storyboard in Resources */,
			);
			runOnlyForDeploymentPostprocessing = 0;
		};
/* End PBXResourcesBuildPhase section */

/* Begin PBXSourcesBuildPhase section */
		175D43571BD40E0F0002F971 /* Sources */ = {
			isa = PBXSourcesBuildPhase;
			buildActionMask = 2147483647;
			files = (
				175D43611BD40E0F0002F971 /* ContainerViewController.swift in Sources */,
				179094D51C1E39E600C1A09E /* BudgetViewController.swift in Sources */,
				179094D91C1E46FC00C1A09E /* BudgetTableCellViews.swift in Sources */,
				179094D71C1E40C400C1A09E /* BudgetCategory.swift in Sources */,
				179094C71C1E173400C1A09E /* SourceListViewController.swift in Sources */,
				175D435F1BD40E0F0002F971 /* AppDelegate.swift in Sources */,
				179094CB1C1E196300C1A09E /* SourceListItem.swift in Sources */,
				179094C51C1E170100C1A09E /* SplitViewController.swift in Sources */,
				179094CE1C1E2A6500C1A09E /* NewBankAccountViewController.swift in Sources */,
			);
			runOnlyForDeploymentPostprocessing = 0;
		};
/* End PBXSourcesBuildPhase section */

/* Begin PBXVariantGroup section */
		175D43641BD40E0F0002F971 /* Main.storyboard */ = {
			isa = PBXVariantGroup;
			children = (
				175D43651BD40E0F0002F971 /* Base */,
			);
			name = Main.storyboard;
			sourceTree = "<group>";
		};
/* End PBXVariantGroup section */

/* Begin XCBuildConfiguration section */
		175D43681BD40E0F0002F971 /* Debug */ = {
			isa = XCBuildConfiguration;
			buildSettings = {
				ALWAYS_SEARCH_USER_PATHS = NO;
				CLANG_CXX_LANGUAGE_STANDARD = "gnu++0x";
				CLANG_CXX_LIBRARY = "libc++";
				CLANG_ENABLE_MODULES = YES;
				CLANG_ENABLE_OBJC_ARC = YES;
				CLANG_WARN_BOOL_CONVERSION = YES;
				CLANG_WARN_CONSTANT_CONVERSION = YES;
				CLANG_WARN_DIRECT_OBJC_ISA_USAGE = YES_ERROR;
				CLANG_WARN_EMPTY_BODY = YES;
				CLANG_WARN_ENUM_CONVERSION = YES;
				CLANG_WARN_INT_CONVERSION = YES;
				CLANG_WARN_OBJC_ROOT_CLASS = YES_ERROR;
				CLANG_WARN_UNREACHABLE_CODE = YES;
				CLANG_WARN__DUPLICATE_METHOD_MATCH = YES;
				CODE_SIGN_IDENTITY = "-";
				COPY_PHASE_STRIP = NO;
				DEBUG_INFORMATION_FORMAT = dwarf;
				ENABLE_STRICT_OBJC_MSGSEND = YES;
				ENABLE_TESTABILITY = YES;
				GCC_C_LANGUAGE_STANDARD = gnu99;
				GCC_DYNAMIC_NO_PIC = NO;
				GCC_NO_COMMON_BLOCKS = YES;
				GCC_OPTIMIZATION_LEVEL = 0;
				GCC_PREPROCESSOR_DEFINITIONS = (
					"DEBUG=1",
					"$(inherited)",
				);
				GCC_WARN_64_TO_32_BIT_CONVERSION = YES;
				GCC_WARN_ABOUT_RETURN_TYPE = YES_ERROR;
				GCC_WARN_UNDECLARED_SELECTOR = YES;
				GCC_WARN_UNINITIALIZED_AUTOS = YES_AGGRESSIVE;
				GCC_WARN_UNUSED_FUNCTION = YES;
				GCC_WARN_UNUSED_VARIABLE = YES;
				MACOSX_DEPLOYMENT_TARGET = 10.11;
				MTL_ENABLE_DEBUG_INFO = YES;
				ONLY_ACTIVE_ARCH = YES;
				SDKROOT = macosx;
				SWIFT_OPTIMIZATION_LEVEL = "-Onone";
			};
			name = Debug;
		};
		175D43691BD40E0F0002F971 /* Release */ = {
			isa = XCBuildConfiguration;
			buildSettings = {
				ALWAYS_SEARCH_USER_PATHS = NO;
				CLANG_CXX_LANGUAGE_STANDARD = "gnu++0x";
				CLANG_CXX_LIBRARY = "libc++";
				CLANG_ENABLE_MODULES = YES;
				CLANG_ENABLE_OBJC_ARC = YES;
				CLANG_WARN_BOOL_CONVERSION = YES;
				CLANG_WARN_CONSTANT_CONVERSION = YES;
				CLANG_WARN_DIRECT_OBJC_ISA_USAGE = YES_ERROR;
				CLANG_WARN_EMPTY_BODY = YES;
				CLANG_WARN_ENUM_CONVERSION = YES;
				CLANG_WARN_INT_CONVERSION = YES;
				CLANG_WARN_OBJC_ROOT_CLASS = YES_ERROR;
				CLANG_WARN_UNREACHABLE_CODE = YES;
				CLANG_WARN__DUPLICATE_METHOD_MATCH = YES;
				CODE_SIGN_IDENTITY = "-";
				COPY_PHASE_STRIP = NO;
				DEBUG_INFORMATION_FORMAT = "dwarf-with-dsym";
				ENABLE_NS_ASSERTIONS = NO;
				ENABLE_STRICT_OBJC_MSGSEND = YES;
				GCC_C_LANGUAGE_STANDARD = gnu99;
				GCC_NO_COMMON_BLOCKS = YES;
				GCC_WARN_64_TO_32_BIT_CONVERSION = YES;
				GCC_WARN_ABOUT_RETURN_TYPE = YES_ERROR;
				GCC_WARN_UNDECLARED_SELECTOR = YES;
				GCC_WARN_UNINITIALIZED_AUTOS = YES_AGGRESSIVE;
				GCC_WARN_UNUSED_FUNCTION = YES;
				GCC_WARN_UNUSED_VARIABLE = YES;
				MACOSX_DEPLOYMENT_TARGET = 10.11;
				MTL_ENABLE_DEBUG_INFO = NO;
				SDKROOT = macosx;
			};
			name = Release;
		};
		175D436B1BD40E0F0002F971 /* Debug */ = {
			isa = XCBuildConfiguration;
			buildSettings = {
				ASSETCATALOG_COMPILER_APPICON_NAME = AppIcon;
				COMBINE_HIDPI_IMAGES = YES;
				INFOPLIST_FILE = Wallet/Info.plist;
				LD_RUNPATH_SEARCH_PATHS = "$(inherited) @executable_path/../Frameworks";
				PRODUCT_BUNDLE_IDENTIFIER = com.duffneubauer.Wallet;
				PRODUCT_NAME = "$(TARGET_NAME)";
			};
			name = Debug;
		};
		175D436C1BD40E0F0002F971 /* Release */ = {
			isa = XCBuildConfiguration;
			buildSettings = {
				ASSETCATALOG_COMPILER_APPICON_NAME = AppIcon;
				COMBINE_HIDPI_IMAGES = YES;
				INFOPLIST_FILE = Wallet/Info.plist;
				LD_RUNPATH_SEARCH_PATHS = "$(inherited) @executable_path/../Frameworks";
				PRODUCT_BUNDLE_IDENTIFIER = com.duffneubauer.Wallet;
				PRODUCT_NAME = "$(TARGET_NAME)";
			};
			name = Release;
		};
/* End XCBuildConfiguration section */

/* Begin XCConfigurationList section */
		175D43561BD40E0F0002F971 /* Build configuration list for PBXProject "Wallet" */ = {
			isa = XCConfigurationList;
			buildConfigurations = (
				175D43681BD40E0F0002F971 /* Debug */,
				175D43691BD40E0F0002F971 /* Release */,
			);
			defaultConfigurationIsVisible = 0;
			defaultConfigurationName = Release;
		};
		175D436A1BD40E0F0002F971 /* Build configuration list for PBXNativeTarget "Wallet" */ = {
			isa = XCConfigurationList;
			buildConfigurations = (
				175D436B1BD40E0F0002F971 /* Debug */,
				175D436C1BD40E0F0002F971 /* Release */,
			);
			defaultConfigurationIsVisible = 0;
			defaultConfigurationName = Release;
		};
/* End XCConfigurationList section */
	};
	rootObject = 175D43531BD40E0F0002F971 /* Project object */;
}
